
Microsoft Visual Studio Solution File, Format Version 12.00
# Visual Studio Version 17
VisualStudioVersion = 17.11.35303.130
MinimumVisualStudioVersion = 10.0.40219.1
Project("{9A19103F-16F7-4668-BE54-9A1E7A4F7556}") = "PresentationLayer", "PresentationLayer\PresentationLayer.csproj", "{775F5B3F-28C2-4FD9-BA15-8E03D464B242}"
EndProject
Project("{9A19103F-16F7-4668-BE54-9A1E7A4F7556}") = "DataAccessLayer", "DataAccessLayer\DataAccessLayer.csproj", "{0C46859A-E44D-44FA-98C0-FCA0CC64E581}"
EndProject
Project("{9A19103F-16F7-4668-BE54-9A1E7A4F7556}") = "BusinessLogicLayer", "BusinessLogicLayer\BusinessLogicLayer.csproj", "{9573721E-EB9A-49B2-979F-AD8BCA79A4BE}"
EndProject
Global
	GlobalSection(SolutionConfigurationPlatforms) = preSolution
		Debug|Any CPU = Debug|Any CPU
		Release|Any CPU = Release|Any CPU
	EndGlobalSection
	GlobalSection(ProjectConfigurationPlatforms) = postSolution
		{775F5B3F-28C2-4FD9-BA15-8E03D464B242}.Debug|Any CPU.ActiveCfg = Debug|Any CPU
		{775F5B3F-28C2-4FD9-BA15-8E03D464B242}.Debug|Any CPU.Build.0 = Debug|Any CPU
		{775F5B3F-28C2-4FD9-BA15-8E03D464B242}.Release|Any CPU.ActiveCfg = Release|Any CPU
		{775F5B3F-28C2-4FD9-BA15-8E03D464B242}.Release|Any CPU.Build.0 = Release|Any CPU
		{0C46859A-E44D-44FA-98C0-FCA0CC64E581}.Debug|Any CPU.ActiveCfg = Debug|Any CPU
		{0C46859A-E44D-44FA-98C0-FCA0CC64E581}.Debug|Any CPU.Build.0 = Debug|Any CPU
		{0C46859A-E44D-44FA-98C0-FCA0CC64E581}.Release|Any CPU.ActiveCfg = Release|Any CPU
		{0C46859A-E44D-44FA-98C0-FCA0CC64E581}.Release|Any CPU.Build.0 = Release|Any CPU
		{9573721E-EB9A-49B2-979F-AD8BCA79A4BE}.Debug|Any CPU.ActiveCfg = Debug|Any CPU
		{9573721E-EB9A-49B2-979F-AD8BCA79A4BE}.Debug|Any CPU.Build.0 = Debug|Any CPU
		{9573721E-EB9A-49B2-979F-AD8BCA79A4BE}.Release|Any CPU.ActiveCfg = Release|Any CPU
		{9573721E-EB9A-49B2-979F-AD8BCA79A4BE}.Release|Any CPU.Build.0 = Release|Any CPU
	EndGlobalSection
	GlobalSection(SolutionProperties) = preSolution
		HideSolutionNode = FALSE
	EndGlobalSection
	GlobalSection(ExtensibilityGlobals) = postSolution
		SolutionGuid = {953FB91C-1ED8-4008-8768-1C40033B9CF5}
	EndGlobalSection
EndGlobal
